
Microsoft Visual Studio Solution File, Format Version 12.00
# Visual Studio Version 17
VisualStudioVersion = 17.9.34723.18
MinimumVisualStudioVersion = 10.0.40219.1
Project("{FAE04EC0-301F-11D3-BF4B-00C04F79EFBC}") = "ChatbotNinja.Server", "ChatbotNinja.Server\ChatbotNinja.Server.csproj", "{A26939E9-66AD-4DE0-A08D-FAF37D6A2A84}"
EndProject
Project("{54A90642-561A-4BB1-A94E-469ADEE60C69}") = "chatbotninja.client", "chatbotninja.client\chatbotninja.client.esproj", "{A968081A-7326-4998-B08A-A614608B40C2}"
EndProject
Global
	GlobalSection(SolutionConfigurationPlatforms) = preSolution
		Debug|Any CPU = Debug|Any CPU
		Release|Any CPU = Release|Any CPU
	EndGlobalSection
	GlobalSection(ProjectConfigurationPlatforms) = postSolution
		{A26939E9-66AD-4DE0-A08D-FAF37D6A2A84}.Debug|Any CPU.ActiveCfg = Debug|Any CPU
		{A26939E9-66AD-4DE0-A08D-FAF37D6A2A84}.Debug|Any CPU.Build.0 = Debug|Any CPU
		{A26939E9-66AD-4DE0-A08D-FAF37D6A2A84}.Release|Any CPU.ActiveCfg = Release|Any CPU
		{A26939E9-66AD-4DE0-A08D-FAF37D6A2A84}.Release|Any CPU.Build.0 = Release|Any CPU
		{A968081A-7326-4998-B08A-A614608B40C2}.Debug|Any CPU.ActiveCfg = Debug|Any CPU
		{A968081A-7326-4998-B08A-A614608B40C2}.Debug|Any CPU.Build.0 = Debug|Any CPU
		{A968081A-7326-4998-B08A-A614608B40C2}.Debug|Any CPU.Deploy.0 = Debug|Any CPU
		{A968081A-7326-4998-B08A-A614608B40C2}.Release|Any CPU.ActiveCfg = Release|Any CPU
		{A968081A-7326-4998-B08A-A614608B40C2}.Release|Any CPU.Build.0 = Release|Any CPU
		{A968081A-7326-4998-B08A-A614608B40C2}.Release|Any CPU.Deploy.0 = Release|Any CPU
	EndGlobalSection
	GlobalSection(SolutionProperties) = preSolution
		HideSolutionNode = FALSE
	EndGlobalSection
	GlobalSection(ExtensibilityGlobals) = postSolution
		SolutionGuid = {70B2893E-B100-47FB-A039-096936A68623}
	EndGlobalSection
EndGlobal
